
Microsoft Visual Studio Solution File, Format Version 12.00
# Visual Studio Version 17
VisualStudioVersion = 17.11.35208.52
MinimumVisualStudioVersion = 10.0.40219.1
Project("{FAE04EC0-301F-11D3-BF4B-00C04F79EFBC}") = "SystenOfSchool", "ConsoleApp2\SystenOfSchool.csproj", "{F276E537-2B66-4984-B4E1-A84BF50374A3}"
EndProject
Global
	GlobalSection(SolutionConfigurationPlatforms) = preSolution
		Debug|Any CPU = Debug|Any CPU
		Release|Any CPU = Release|Any CPU
	EndGlobalSection
	GlobalSection(ProjectConfigurationPlatforms) = postSolution
		{F276E537-2B66-4984-B4E1-A84BF50374A3}.Debug|Any CPU.ActiveCfg = Debug|Any CPU
		{F276E537-2B66-4984-B4E1-A84BF50374A3}.Debug|Any CPU.Build.0 = Debug|Any CPU
		{F276E537-2B66-4984-B4E1-A84BF50374A3}.Release|Any CPU.ActiveCfg = Release|Any CPU
		{F276E537-2B66-4984-B4E1-A84BF50374A3}.Release|Any CPU.Build.0 = Release|Any CPU
	EndGlobalSection
	GlobalSection(SolutionProperties) = preSolution
		HideSolutionNode = FALSE
	EndGlobalSection
	GlobalSection(ExtensibilityGlobals) = postSolution
		SolutionGuid = {798F42EA-5C1C-49CE-9580-128B06053BA3}
	EndGlobalSection
EndGlobal
